
Microsoft Visual Studio Solution File, Format Version 12.00
# Visual Studio Version 17
VisualStudioVersion = 17.9.34607.119
MinimumVisualStudioVersion = 10.0.40219.1
Project("{FAE04EC0-301F-11D3-BF4B-00C04F79EFBC}") = "InsuranceAgency", "InsuranceAgency.csproj", "{8EF63070-1FE1-4A8F-946B-49EBA7DE68C1}"
EndProject
Project("{FAE04EC0-301F-11D3-BF4B-00C04F79EFBC}") = "DAL", "..\DAL\DAL.csproj", "{43DA6C23-FB16-46AA-BFF8-D4ACA4DBA06C}"
EndProject
Project("{FAE04EC0-301F-11D3-BF4B-00C04F79EFBC}") = "BLL", "..\BLL\BLL.csproj", "{64C0B779-9560-4390-BB38-97E25678535D}"
EndProject
Project("{2150E333-8FDC-42A3-9474-1A3956D46DE8}") = "Элементы решения", "Элементы решения", "{E7CFE67C-A990-456E-9FC8-95FD0D8C4EBE}"
	ProjectSection(SolutionItems) = preProject
		..\.gitignore = ..\.gitignore
	EndProjectSection
EndProject
Global
	GlobalSection(SolutionConfigurationPlatforms) = preSolution
		Debug|Any CPU = Debug|Any CPU
		Release|Any CPU = Release|Any CPU
	EndGlobalSection
	GlobalSection(ProjectConfigurationPlatforms) = postSolution
		{8EF63070-1FE1-4A8F-946B-49EBA7DE68C1}.Debug|Any CPU.ActiveCfg = Debug|Any CPU
		{8EF63070-1FE1-4A8F-946B-49EBA7DE68C1}.Debug|Any CPU.Build.0 = Debug|Any CPU
		{8EF63070-1FE1-4A8F-946B-49EBA7DE68C1}.Release|Any CPU.ActiveCfg = Release|Any CPU
		{8EF63070-1FE1-4A8F-946B-49EBA7DE68C1}.Release|Any CPU.Build.0 = Release|Any CPU
		{43DA6C23-FB16-46AA-BFF8-D4ACA4DBA06C}.Debug|Any CPU.ActiveCfg = Debug|Any CPU
		{43DA6C23-FB16-46AA-BFF8-D4ACA4DBA06C}.Debug|Any CPU.Build.0 = Debug|Any CPU
		{43DA6C23-FB16-46AA-BFF8-D4ACA4DBA06C}.Release|Any CPU.ActiveCfg = Release|Any CPU
		{43DA6C23-FB16-46AA-BFF8-D4ACA4DBA06C}.Release|Any CPU.Build.0 = Release|Any CPU
		{64C0B779-9560-4390-BB38-97E25678535D}.Debug|Any CPU.ActiveCfg = Debug|Any CPU
		{64C0B779-9560-4390-BB38-97E25678535D}.Debug|Any CPU.Build.0 = Debug|Any CPU
		{64C0B779-9560-4390-BB38-97E25678535D}.Release|Any CPU.ActiveCfg = Release|Any CPU
		{64C0B779-9560-4390-BB38-97E25678535D}.Release|Any CPU.Build.0 = Release|Any CPU
	EndGlobalSection
	GlobalSection(SolutionProperties) = preSolution
		HideSolutionNode = FALSE
	EndGlobalSection
	GlobalSection(ExtensibilityGlobals) = postSolution
		SolutionGuid = {BFF19C14-77B1-441B-A99E-F2CDB1B9B0B8}
	EndGlobalSection
EndGlobal
